{
  "version": 4,
  "terraform_version": "0.12.6",
  "serial": 7,
  "lineage": "e7ccc72a-f681-f06b-61f4-38eba58342b6",
  "outputs": {
    "myapp-repository-URL": {
      "value": "053766923354.dkr.ecr.us-east-1.amazonaws.com/myapp",
      "type": "string"
    }
  },
  "resources": [
    {
      "mode": "managed",
      "type": "aws_ecr_repository",
      "name": "myapp",
      "provider": "provider.aws",
      "instances": [
        {
          "schema_version": 0,
          "attributes": {
            "arn": "arn:aws:ecr:us-east-1:053766923354:repository/myapp",
            "id": "myapp",
            "image_tag_mutability": "MUTABLE",
            "name": "myapp",
            "registry_id": "053766923354",
            "repository_url": "053766923354.dkr.ecr.us-east-1.amazonaws.com/myapp",
            "tags": null,
            "timeouts": null
          },
          "private": "eyJlMmJmYjczMC1lY2FhLTExZTYtOGY4OC0zNDM2M2JjN2M0YzAiOnsiZGVsZXRlIjoxMjAwMDAwMDAwMDAwfX0="
        }
      ]
    }
  ]
}
