{
    "version": 3,
    "terraform_version": "0.11.13",
    "serial": 2,
    "lineage": "bde1c94c-cc78-77dd-a80f-adcc082d9807",
    "modules": [
        {
            "path": [
                "root"
            ],
            "outputs": {
                "elb": {
                    "sensitive": false,
                    "type": "string",
                    "value": "myapp-elb-2019254336.us-east-1.elb.amazonaws.com"
                },
                "jenkins": {
                    "sensitive": false,
                    "type": "string",
                    "value": "3.81.59.147"
                },
                "myapp-repository-URL": {
                    "sensitive": false,
                    "type": "string",
                    "value": "053766923354.dkr.ecr.us-east-1.amazonaws.com/myapp"
                }
            },
            "resources": {
                "aws_autoscaling_group.ecs-example-autoscaling": {
                    "type": "aws_autoscaling_group",
                    "depends_on": [
                        "aws_launch_configuration.ecs-example-launchconfig",
                        "aws_subnet.main-public-1",
                        "aws_subnet.main-public-2"
                    ],
                    "primary": {
                        "id": "ecs-example-autoscaling",
                        "attributes": {
                            "arn": "arn:aws:autoscaling:us-east-1:053766923354:autoScalingGroup:6dd9ad44-8df7-4e02-be6a-59b17432525a:autoScalingGroupName/ecs-example-autoscaling",
                            "availability_zones.#": "2",
                            "availability_zones.1305112097": "us-east-1b",
                            "availability_zones.3569565595": "us-east-1a",
                            "default_cooldown": "300",
                            "desired_capacity": "1",
                            "enabled_metrics.#": "0",
                            "force_delete": "false",
                            "health_check_grace_period": "300",
                            "health_check_type": "EC2",
                            "id": "ecs-example-autoscaling",
                            "launch_configuration": "ecs-launchconfig20190519221243104500000001",
                            "launch_template.#": "0",
                            "load_balancers.#": "0",
                            "max_size": "1",
                            "metrics_granularity": "1Minute",
                            "min_size": "1",
                            "mixed_instances_policy.#": "0",
                            "name": "ecs-example-autoscaling",
                            "placement_group": "",
                            "protect_from_scale_in": "false",
                            "service_linked_role_arn": "arn:aws:iam::053766923354:role/aws-service-role/autoscaling.amazonaws.com/AWSServiceRoleForAutoScaling",
                            "suspended_processes.#": "0",
                            "tag.#": "1",
                            "tag.2348833364.key": "Name",
                            "tag.2348833364.propagate_at_launch": "true",
                            "tag.2348833364.value": "ecs-ec2-container",
                            "target_group_arns.#": "0",
                            "termination_policies.#": "0",
                            "vpc_zone_identifier.#": "2",
                            "vpc_zone_identifier.3329962176": "subnet-0513551831e9b071f",
                            "vpc_zone_identifier.798160071": "subnet-0531c331965d2ff11",
                            "wait_for_capacity_timeout": "10m"
                        },
                        "meta": {
                            "e2bfb730-ecaa-11e6-8f88-34363bc7c4c0": {
                                "delete": 600000000000
                            }
                        },
                        "tainted": false
                    },
                    "deposed": [],
                    "provider": "provider.aws"
                },
                "aws_ebs_volume.jenkins-data": {
                    "type": "aws_ebs_volume",
                    "depends_on": [],
                    "primary": {
                        "id": "vol-04e48d447a4e61244",
                        "attributes": {
                            "arn": "arn:aws:ec2:us-east-1:053766923354:volume/vol-04e48d447a4e61244",
                            "availability_zone": "us-east-1a",
                            "encrypted": "false",
                            "id": "vol-04e48d447a4e61244",
                            "iops": "100",
                            "kms_key_id": "",
                            "size": "20",
                            "snapshot_id": "",
                            "tags.%": "1",
                            "tags.Name": "jenkins-data",
                            "type": "gp2"
                        },
                        "meta": {},
                        "tainted": false
                    },
                    "deposed": [],
                    "provider": "provider.aws"
                },
                "aws_ecr_repository.myapp": {
                    "type": "aws_ecr_repository",
                    "depends_on": [],
                    "primary": {
                        "id": "myapp",
                        "attributes": {
                            "arn": "arn:aws:ecr:us-east-1:053766923354:repository/myapp",
                            "id": "myapp",
                            "name": "myapp",
                            "registry_id": "053766923354",
                            "repository_url": "053766923354.dkr.ecr.us-east-1.amazonaws.com/myapp",
                            "tags.%": "0"
                        },
                        "meta": {
                            "e2bfb730-ecaa-11e6-8f88-34363bc7c4c0": {
                                "delete": 1200000000000
                            }
                        },
                        "tainted": false
                    },
                    "deposed": [],
                    "provider": "provider.aws"
                },
                "aws_ecs_cluster.example-cluster": {
                    "type": "aws_ecs_cluster",
                    "depends_on": [],
                    "primary": {
                        "id": "arn:aws:ecs:us-east-1:053766923354:cluster/example-cluster",
                        "attributes": {
                            "arn": "arn:aws:ecs:us-east-1:053766923354:cluster/example-cluster",
                            "id": "arn:aws:ecs:us-east-1:053766923354:cluster/example-cluster",
                            "name": "example-cluster",
                            "tags.%": "0"
                        },
                        "meta": {},
                        "tainted": false
                    },
                    "deposed": [],
                    "provider": "provider.aws"
                },
                "aws_ecs_task_definition.myapp-task-definition": {
                    "type": "aws_ecs_task_definition",
                    "depends_on": [
                        "data.template_file.myapp-task-definition-template"
                    ],
                    "primary": {
                        "id": "myapp",
                        "attributes": {
                            "arn": "arn:aws:ecs:us-east-1:053766923354:task-definition/myapp:5",
                            "container_definitions": "[{\"command\":[\"npm\",\"start\"],\"cpu\":256,\"environment\":[],\"essential\":true,\"image\":\"053766923354.dkr.ecr.us-east-1.amazonaws.com/myapp:0\",\"memory\":256,\"mountPoints\":[],\"name\":\"myapp\",\"portMappings\":[{\"containerPort\":3000,\"hostPort\":3000,\"protocol\":\"tcp\"}],\"volumesFrom\":[],\"workingDirectory\":\"/app\"}]",
                            "cpu": "",
                            "execution_role_arn": "",
                            "family": "myapp",
                            "id": "myapp",
                            "memory": "",
                            "network_mode": "",
                            "placement_constraints.#": "0",
                            "requires_compatibilities.#": "0",
                            "revision": "5",
                            "tags.%": "0",
                            "task_role_arn": "",
                            "volume.#": "0"
                        },
                        "meta": {
                            "schema_version": "1"
                        },
                        "tainted": false
                    },
                    "deposed": [],
                    "provider": "provider.aws"
                },
                "aws_elb.myapp-elb": {
                    "type": "aws_elb",
                    "depends_on": [
                        "aws_security_group.myapp-elb-securitygroup",
                        "aws_subnet.main-public-1",
                        "aws_subnet.main-public-2"
                    ],
                    "primary": {
                        "id": "myapp-elb",
                        "attributes": {
                            "access_logs.#": "0",
                            "arn": "arn:aws:elasticloadbalancing:us-east-1:053766923354:loadbalancer/myapp-elb",
                            "availability_zones.#": "2",
                            "availability_zones.1305112097": "us-east-1b",
                            "availability_zones.3569565595": "us-east-1a",
                            "connection_draining": "true",
                            "connection_draining_timeout": "400",
                            "cross_zone_load_balancing": "true",
                            "dns_name": "myapp-elb-2019254336.us-east-1.elb.amazonaws.com",
                            "health_check.#": "1",
                            "health_check.0.healthy_threshold": "3",
                            "health_check.0.interval": "60",
                            "health_check.0.target": "HTTP:3000/",
                            "health_check.0.timeout": "30",
                            "health_check.0.unhealthy_threshold": "3",
                            "id": "myapp-elb",
                            "idle_timeout": "400",
                            "instances.#": "0",
                            "internal": "false",
                            "listener.#": "1",
                            "listener.2797230273.instance_port": "3000",
                            "listener.2797230273.instance_protocol": "http",
                            "listener.2797230273.lb_port": "80",
                            "listener.2797230273.lb_protocol": "http",
                            "listener.2797230273.ssl_certificate_id": "",
                            "name": "myapp-elb",
                            "security_groups.#": "1",
                            "security_groups.1833757967": "sg-05b759dfc373e74a5",
                            "source_security_group": "053766923354/myapp-elb",
                            "source_security_group_id": "sg-05b759dfc373e74a5",
                            "subnets.#": "2",
                            "subnets.3329962176": "subnet-0513551831e9b071f",
                            "subnets.798160071": "subnet-0531c331965d2ff11",
                            "tags.%": "1",
                            "tags.Name": "myapp-elb",
                            "zone_id": "Z35SXDOTRQ7X7K"
                        },
                        "meta": {},
                        "tainted": false
                    },
                    "deposed": [],
                    "provider": "provider.aws"
                },
                "aws_iam_instance_profile.ecs-ec2-role": {
                    "type": "aws_iam_instance_profile",
                    "depends_on": [
                        "aws_iam_role.ecs-ec2-role"
                    ],
                    "primary": {
                        "id": "ecs-ec2-role",
                        "attributes": {
                            "arn": "arn:aws:iam::053766923354:instance-profile/ecs-ec2-role",
                            "create_date": "2019-05-19T22:12:33Z",
                            "id": "ecs-ec2-role",
                            "name": "ecs-ec2-role",
                            "path": "/",
                            "role": "ecs-ec2-role",
                            "roles.#": "1",
                            "roles.1212782307": "ecs-ec2-role",
                            "unique_id": "AIPAQZBGCERNAK6SNQRKV"
                        },
                        "meta": {},
                        "tainted": false
                    },
                    "deposed": [],
                    "provider": "provider.aws"
                },
                "aws_iam_policy_attachment.ecs-service-attach1": {
                    "type": "aws_iam_policy_attachment",
                    "depends_on": [
                        "aws_iam_role.ecs-service-role"
                    ],
                    "primary": {
                        "id": "ecs-service-attach1",
                        "attributes": {
                            "groups.#": "0",
                            "id": "ecs-service-attach1",
                            "name": "ecs-service-attach1",
                            "policy_arn": "arn:aws:iam::aws:policy/service-role/AmazonEC2ContainerServiceRole",
                            "roles.#": "1",
                            "roles.4283548173": "ecs-service-role",
                            "users.#": "0"
                        },
                        "meta": {},
                        "tainted": false
                    },
                    "deposed": [],
                    "provider": "provider.aws"
                },
                "aws_iam_role.ecs-consul-server-role": {
                    "type": "aws_iam_role",
                    "depends_on": [],
                    "primary": {
                        "id": "ecs-consul-server-role",
                        "attributes": {
                            "arn": "arn:aws:iam::053766923354:role/ecs-consul-server-role",
                            "assume_role_policy": "{\"Version\":\"2012-10-17\",\"Statement\":[{\"Sid\":\"\",\"Effect\":\"Allow\",\"Principal\":{\"Service\":\"ec2.amazonaws.com\"},\"Action\":\"sts:AssumeRole\"}]}",
                            "create_date": "2019-05-19T22:12:32Z",
                            "description": "",
                            "force_detach_policies": "false",
                            "id": "ecs-consul-server-role",
                            "max_session_duration": "3600",
                            "name": "ecs-consul-server-role",
                            "path": "/",
                            "tags.%": "0",
                            "unique_id": "AROAQZBGCERNE3NQ7MOO3"
                        },
                        "meta": {},
                        "tainted": false
                    },
                    "deposed": [],
                    "provider": "provider.aws"
                },
                "aws_iam_role.ecs-ec2-role": {
                    "type": "aws_iam_role",
                    "depends_on": [],
                    "primary": {
                        "id": "ecs-ec2-role",
                        "attributes": {
                            "arn": "arn:aws:iam::053766923354:role/ecs-ec2-role",
                            "assume_role_policy": "{\"Version\":\"2012-10-17\",\"Statement\":[{\"Sid\":\"\",\"Effect\":\"Allow\",\"Principal\":{\"Service\":\"ec2.amazonaws.com\"},\"Action\":\"sts:AssumeRole\"}]}",
                            "create_date": "2019-05-19T22:12:32Z",
                            "description": "",
                            "force_detach_policies": "false",
                            "id": "ecs-ec2-role",
                            "max_session_duration": "3600",
                            "name": "ecs-ec2-role",
                            "path": "/",
                            "tags.%": "0",
                            "unique_id": "AROAQZBGCERNMBLPEXLVI"
                        },
                        "meta": {},
                        "tainted": false
                    },
                    "deposed": [],
                    "provider": "provider.aws"
                },
                "aws_iam_role.ecs-service-role": {
                    "type": "aws_iam_role",
                    "depends_on": [],
                    "primary": {
                        "id": "ecs-service-role",
                        "attributes": {
                            "arn": "arn:aws:iam::053766923354:role/ecs-service-role",
                            "assume_role_policy": "{\"Version\":\"2012-10-17\",\"Statement\":[{\"Sid\":\"\",\"Effect\":\"Allow\",\"Principal\":{\"Service\":\"ecs.amazonaws.com\"},\"Action\":\"sts:AssumeRole\"}]}",
                            "create_date": "2019-05-19T22:12:32Z",
                            "description": "",
                            "force_detach_policies": "false",
                            "id": "ecs-service-role",
                            "max_session_duration": "3600",
                            "name": "ecs-service-role",
                            "path": "/",
                            "tags.%": "0",
                            "unique_id": "AROAQZBGCERNG35P6MZ5V"
                        },
                        "meta": {},
                        "tainted": false
                    },
                    "deposed": [],
                    "provider": "provider.aws"
                },
                "aws_iam_role_policy.ecs-ec2-role-policy": {
                    "type": "aws_iam_role_policy",
                    "depends_on": [
                        "aws_iam_role.ecs-ec2-role"
                    ],
                    "primary": {
                        "id": "ecs-ec2-role:ecs-ec2-role-policy",
                        "attributes": {
                            "id": "ecs-ec2-role:ecs-ec2-role-policy",
                            "name": "ecs-ec2-role-policy",
                            "policy": "{\n    \"Version\": \"2012-10-17\",\n    \"Statement\": [\n        {\n            \"Effect\": \"Allow\",\n            \"Action\": [\n              \"ecs:CreateCluster\",\n              \"ecs:DeregisterContainerInstance\",\n              \"ecs:DiscoverPollEndpoint\",\n              \"ecs:Poll\",\n              \"ecs:RegisterContainerInstance\",\n              \"ecs:StartTelemetrySession\",\n              \"ecs:Submit*\",\n              \"ecs:StartTask\",\n              \"ecr:GetAuthorizationToken\",\n              \"ecr:BatchCheckLayerAvailability\",\n              \"ecr:GetDownloadUrlForLayer\",\n              \"ecr:BatchGetImage\",\n              \"logs:CreateLogStream\",\n              \"logs:PutLogEvents\"\n            ],\n            \"Resource\": \"*\"\n        },\n        {\n            \"Effect\": \"Allow\",\n            \"Action\": [\n                \"logs:CreateLogGroup\",\n                \"logs:CreateLogStream\",\n                \"logs:PutLogEvents\",\n                \"logs:DescribeLogStreams\"\n            ],\n            \"Resource\": [\n                \"arn:aws:logs:*:*:*\"\n            ]\n        }\n    ]\n}\n",
                            "role": "ecs-ec2-role"
                        },
                        "meta": {},
                        "tainted": false
                    },
                    "deposed": [],
                    "provider": "provider.aws"
                },
                "aws_instance.jenkins-instance": {
                    "type": "aws_instance",
                    "depends_on": [
                        "aws_key_pair.mykeypair",
                        "aws_security_group.jenkins-securitygroup",
                        "aws_subnet.main-public-1",
                        "data.template_cloudinit_config.cloudinit-jenkins"
                    ],
                    "primary": {
                        "id": "i-0f4d9a9f30fc994c1",
                        "attributes": {
                            "ami": "ami-13be557e",
                            "arn": "arn:aws:ec2:us-east-1:053766923354:instance/i-0f4d9a9f30fc994c1",
                            "associate_public_ip_address": "true",
                            "availability_zone": "us-east-1a",
                            "cpu_core_count": "1",
                            "cpu_threads_per_core": "1",
                            "credit_specification.#": "1",
                            "credit_specification.0.cpu_credits": "standard",
                            "disable_api_termination": "false",
                            "ebs_block_device.#": "1",
                            "ebs_block_device.3846643179.delete_on_termination": "false",
                            "ebs_block_device.3846643179.device_name": "/dev/xvdh",
                            "ebs_block_device.3846643179.encrypted": "false",
                            "ebs_block_device.3846643179.iops": "100",
                            "ebs_block_device.3846643179.snapshot_id": "",
                            "ebs_block_device.3846643179.volume_id": "vol-04e48d447a4e61244",
                            "ebs_block_device.3846643179.volume_size": "20",
                            "ebs_block_device.3846643179.volume_type": "gp2",
                            "ebs_optimized": "false",
                            "ephemeral_block_device.#": "0",
                            "get_password_data": "false",
                            "iam_instance_profile": "",
                            "id": "i-0f4d9a9f30fc994c1",
                            "instance_state": "running",
                            "instance_type": "t2.small",
                            "ipv6_address_count": "0",
                            "ipv6_addresses.#": "0",
                            "key_name": "mykeypair",
                            "monitoring": "false",
                            "network_interface.#": "0",
                            "password_data": "",
                            "placement_group": "",
                            "primary_network_interface_id": "eni-00aa6f06c87daf193",
                            "private_dns": "ip-10-0-1-9.ec2.internal",
                            "private_ip": "10.0.1.9",
                            "public_dns": "ec2-3-81-59-147.compute-1.amazonaws.com",
                            "public_ip": "3.81.59.147",
                            "root_block_device.#": "1",
                            "root_block_device.0.delete_on_termination": "true",
                            "root_block_device.0.iops": "100",
                            "root_block_device.0.volume_id": "vol-05b1386a8aa1a3424",
                            "root_block_device.0.volume_size": "8",
                            "root_block_device.0.volume_type": "gp2",
                            "security_groups.#": "0",
                            "source_dest_check": "true",
                            "subnet_id": "subnet-0531c331965d2ff11",
                            "tags.%": "1",
                            "tags.Name": "jenkins",
                            "tenancy": "default",
                            "user_data": "60b7831209ea18233be2e93d5e9ce70eda4d4b42",
                            "volume_tags.%": "1",
                            "volume_tags.Name": "jenkins-data",
                            "vpc_security_group_ids.#": "1",
                            "vpc_security_group_ids.2867830460": "sg-0f7f6aac763cb3d34"
                        },
                        "meta": {
                            "e2bfb730-ecaa-11e6-8f88-34363bc7c4c0": {
                                "create": 600000000000,
                                "delete": 1200000000000,
                                "update": 600000000000
                            },
                            "schema_version": "1"
                        },
                        "tainted": false
                    },
                    "deposed": [],
                    "provider": "provider.aws"
                },
                "aws_internet_gateway.main-gw": {
                    "type": "aws_internet_gateway",
                    "depends_on": [
                        "aws_vpc.main"
                    ],
                    "primary": {
                        "id": "igw-07a51aac02c3bf999",
                        "attributes": {
                            "id": "igw-07a51aac02c3bf999",
                            "owner_id": "053766923354",
                            "tags.%": "1",
                            "tags.Name": "main",
                            "vpc_id": "vpc-0207f775936250b03"
                        },
                        "meta": {},
                        "tainted": false
                    },
                    "deposed": [],
                    "provider": "provider.aws"
                },
                "aws_key_pair.mykeypair": {
                    "type": "aws_key_pair",
                    "depends_on": [],
                    "primary": {
                        "id": "mykeypair",
                        "attributes": {
                            "fingerprint": "ef:3b:da:57:35:0f:e9:35:97:5d:99:4a:f4:7d:b9:72",
                            "id": "mykeypair",
                            "key_name": "mykeypair",
                            "public_key": "ssh-rsa AAAAB3NzaC1yc2EAAAADAQABAAABAQDao8AZxjK+GmQi8RnsUTgd9CblsLLNYY47JzP/sedWQM+jpfvpYuShfuaG3cvVN7nFALSBaidz+wx+JfBXLSiHLmrfopxUIo2junUs4cWU1F0TdpZKoGgFZlupqd1M0NdKyNR9/LDGkfEMJCv+nbc37A7zDCBs56eq8fZB1GiqmFmM7AMA5P08w154RelaJn+RIK5FhprYHIKmV4L+Ub/o2BrxylKvqxzN1yQHypsMEAYst/l3mrg0IjLIVMpOxJZHI1C36meObtBsiclpdJmmwYJFG70Yx7tDzo8n4WXoEMD7km/JbhTXCa4ago2CgFig0dw45GPUv7VwPquzhO8L ub@ub-VirtualBox"
                        },
                        "meta": {
                            "schema_version": "1"
                        },
                        "tainted": false
                    },
                    "deposed": [],
                    "provider": "provider.aws"
                },
                "aws_launch_configuration.ecs-example-launchconfig": {
                    "type": "aws_launch_configuration",
                    "depends_on": [
                        "aws_iam_instance_profile.ecs-ec2-role",
                        "aws_key_pair.mykeypair",
                        "aws_security_group.ecs-securitygroup"
                    ],
                    "primary": {
                        "id": "ecs-launchconfig20190519221243104500000001",
                        "attributes": {
                            "associate_public_ip_address": "false",
                            "ebs_block_device.#": "0",
                            "ebs_optimized": "false",
                            "enable_monitoring": "true",
                            "ephemeral_block_device.#": "0",
                            "iam_instance_profile": "ecs-ec2-role",
                            "id": "ecs-launchconfig20190519221243104500000001",
                            "image_id": "ami-1924770e",
                            "instance_type": "t2.micro",
                            "key_name": "mykeypair",
                            "name": "ecs-launchconfig20190519221243104500000001",
                            "name_prefix": "ecs-launchconfig",
                            "root_block_device.#": "0",
                            "security_groups.#": "1",
                            "security_groups.784737983": "sg-0da93d7f1e482c81b",
                            "spot_price": "",
                            "user_data": "2283a54db9f636900b49c3e2a6cd048bca08dd5b",
                            "vpc_classic_link_id": "",
                            "vpc_classic_link_security_groups.#": "0"
                        },
                        "meta": {},
                        "tainted": false
                    },
                    "deposed": [],
                    "provider": "provider.aws"
                },
                "aws_route_table.main-public": {
                    "type": "aws_route_table",
                    "depends_on": [
                        "aws_internet_gateway.main-gw",
                        "aws_vpc.main"
                    ],
                    "primary": {
                        "id": "rtb-0ffda17d9d53e349a",
                        "attributes": {
                            "id": "rtb-0ffda17d9d53e349a",
                            "owner_id": "053766923354",
                            "propagating_vgws.#": "0",
                            "route.#": "1",
                            "route.2014210923.cidr_block": "0.0.0.0/0",
                            "route.2014210923.egress_only_gateway_id": "",
                            "route.2014210923.gateway_id": "igw-07a51aac02c3bf999",
                            "route.2014210923.instance_id": "",
                            "route.2014210923.ipv6_cidr_block": "",
                            "route.2014210923.nat_gateway_id": "",
                            "route.2014210923.network_interface_id": "",
                            "route.2014210923.transit_gateway_id": "",
                            "route.2014210923.vpc_peering_connection_id": "",
                            "tags.%": "1",
                            "tags.Name": "main-public-1",
                            "vpc_id": "vpc-0207f775936250b03"
                        },
                        "meta": {},
                        "tainted": false
                    },
                    "deposed": [],
                    "provider": "provider.aws"
                },
                "aws_route_table_association.main-public-1-a": {
                    "type": "aws_route_table_association",
                    "depends_on": [
                        "aws_route_table.main-public",
                        "aws_subnet.main-public-1"
                    ],
                    "primary": {
                        "id": "rtbassoc-02d6cafbd21354eeb",
                        "attributes": {
                            "id": "rtbassoc-02d6cafbd21354eeb",
                            "route_table_id": "rtb-0ffda17d9d53e349a",
                            "subnet_id": "subnet-0531c331965d2ff11"
                        },
                        "meta": {},
                        "tainted": false
                    },
                    "deposed": [],
                    "provider": "provider.aws"
                },
                "aws_route_table_association.main-public-2-a": {
                    "type": "aws_route_table_association",
                    "depends_on": [
                        "aws_route_table.main-public",
                        "aws_subnet.main-public-2"
                    ],
                    "primary": {
                        "id": "rtbassoc-01d16014ee85f6c93",
                        "attributes": {
                            "id": "rtbassoc-01d16014ee85f6c93",
                            "route_table_id": "rtb-0ffda17d9d53e349a",
                            "subnet_id": "subnet-0513551831e9b071f"
                        },
                        "meta": {},
                        "tainted": false
                    },
                    "deposed": [],
                    "provider": "provider.aws"
                },
                "aws_route_table_association.main-public-3-a": {
                    "type": "aws_route_table_association",
                    "depends_on": [
                        "aws_route_table.main-public",
                        "aws_subnet.main-public-3"
                    ],
                    "primary": {
                        "id": "rtbassoc-02dd335b75a49fc21",
                        "attributes": {
                            "id": "rtbassoc-02dd335b75a49fc21",
                            "route_table_id": "rtb-0ffda17d9d53e349a",
                            "subnet_id": "subnet-03c88cffca1d9b276"
                        },
                        "meta": {},
                        "tainted": false
                    },
                    "deposed": [],
                    "provider": "provider.aws"
                },
                "aws_s3_bucket.terraform-state": {
                    "type": "aws_s3_bucket",
                    "depends_on": [],
                    "primary": {
                        "id": "terraform-state-at6t7",
                        "attributes": {
                            "acceleration_status": "",
                            "acl": "private",
                            "arn": "arn:aws:s3:::terraform-state-at6t7",
                            "bucket": "terraform-state-at6t7",
                            "bucket_domain_name": "terraform-state-at6t7.s3.amazonaws.com",
                            "bucket_regional_domain_name": "terraform-state-at6t7.s3.amazonaws.com",
                            "cors_rule.#": "0",
                            "force_destroy": "false",
                            "hosted_zone_id": "Z3AQBSTGFYJSTF",
                            "id": "terraform-state-at6t7",
                            "lifecycle_rule.#": "0",
                            "logging.#": "0",
                            "object_lock_configuration.#": "0",
                            "region": "us-east-1",
                            "replication_configuration.#": "0",
                            "request_payer": "BucketOwner",
                            "server_side_encryption_configuration.#": "0",
                            "tags.%": "1",
                            "tags.Name": "Terraform state",
                            "versioning.#": "1",
                            "versioning.0.enabled": "false",
                            "versioning.0.mfa_delete": "false",
                            "website.#": "0"
                        },
                        "meta": {},
                        "tainted": false
                    },
                    "deposed": [],
                    "provider": "provider.aws"
                },
                "aws_security_group.ecs-securitygroup": {
                    "type": "aws_security_group",
                    "depends_on": [
                        "aws_security_group.myapp-elb-securitygroup",
                        "aws_vpc.main"
                    ],
                    "primary": {
                        "id": "sg-0da93d7f1e482c81b",
                        "attributes": {
                            "arn": "arn:aws:ec2:us-east-1:053766923354:security-group/sg-0da93d7f1e482c81b",
                            "description": "security group for ecs",
                            "egress.#": "1",
                            "egress.482069346.cidr_blocks.#": "1",
                            "egress.482069346.cidr_blocks.0": "0.0.0.0/0",
                            "egress.482069346.description": "",
                            "egress.482069346.from_port": "0",
                            "egress.482069346.ipv6_cidr_blocks.#": "0",
                            "egress.482069346.prefix_list_ids.#": "0",
                            "egress.482069346.protocol": "-1",
                            "egress.482069346.security_groups.#": "0",
                            "egress.482069346.self": "false",
                            "egress.482069346.to_port": "0",
                            "id": "sg-0da93d7f1e482c81b",
                            "ingress.#": "2",
                            "ingress.1046510286.cidr_blocks.#": "0",
                            "ingress.1046510286.description": "",
                            "ingress.1046510286.from_port": "3000",
                            "ingress.1046510286.ipv6_cidr_blocks.#": "0",
                            "ingress.1046510286.prefix_list_ids.#": "0",
                            "ingress.1046510286.protocol": "tcp",
                            "ingress.1046510286.security_groups.#": "1",
                            "ingress.1046510286.security_groups.1833757967": "sg-05b759dfc373e74a5",
                            "ingress.1046510286.self": "false",
                            "ingress.1046510286.to_port": "3000",
                            "ingress.2541437006.cidr_blocks.#": "1",
                            "ingress.2541437006.cidr_blocks.0": "0.0.0.0/0",
                            "ingress.2541437006.description": "",
                            "ingress.2541437006.from_port": "22",
                            "ingress.2541437006.ipv6_cidr_blocks.#": "0",
                            "ingress.2541437006.prefix_list_ids.#": "0",
                            "ingress.2541437006.protocol": "tcp",
                            "ingress.2541437006.security_groups.#": "0",
                            "ingress.2541437006.self": "false",
                            "ingress.2541437006.to_port": "22",
                            "name": "ecs",
                            "owner_id": "053766923354",
                            "revoke_rules_on_delete": "false",
                            "tags.%": "1",
                            "tags.Name": "ecs",
                            "vpc_id": "vpc-0207f775936250b03"
                        },
                        "meta": {
                            "e2bfb730-ecaa-11e6-8f88-34363bc7c4c0": {
                                "create": 600000000000,
                                "delete": 600000000000
                            },
                            "schema_version": "1"
                        },
                        "tainted": false
                    },
                    "deposed": [],
                    "provider": "provider.aws"
                },
                "aws_security_group.jenkins-securitygroup": {
                    "type": "aws_security_group",
                    "depends_on": [
                        "aws_vpc.main"
                    ],
                    "primary": {
                        "id": "sg-0f7f6aac763cb3d34",
                        "attributes": {
                            "arn": "arn:aws:ec2:us-east-1:053766923354:security-group/sg-0f7f6aac763cb3d34",
                            "description": "security group that allows ssh and all egress traffic",
                            "egress.#": "1",
                            "egress.482069346.cidr_blocks.#": "1",
                            "egress.482069346.cidr_blocks.0": "0.0.0.0/0",
                            "egress.482069346.description": "",
                            "egress.482069346.from_port": "0",
                            "egress.482069346.ipv6_cidr_blocks.#": "0",
                            "egress.482069346.prefix_list_ids.#": "0",
                            "egress.482069346.protocol": "-1",
                            "egress.482069346.security_groups.#": "0",
                            "egress.482069346.self": "false",
                            "egress.482069346.to_port": "0",
                            "id": "sg-0f7f6aac763cb3d34",
                            "ingress.#": "2",
                            "ingress.2541437006.cidr_blocks.#": "1",
                            "ingress.2541437006.cidr_blocks.0": "0.0.0.0/0",
                            "ingress.2541437006.description": "",
                            "ingress.2541437006.from_port": "22",
                            "ingress.2541437006.ipv6_cidr_blocks.#": "0",
                            "ingress.2541437006.prefix_list_ids.#": "0",
                            "ingress.2541437006.protocol": "tcp",
                            "ingress.2541437006.security_groups.#": "0",
                            "ingress.2541437006.self": "false",
                            "ingress.2541437006.to_port": "22",
                            "ingress.516175195.cidr_blocks.#": "1",
                            "ingress.516175195.cidr_blocks.0": "0.0.0.0/0",
                            "ingress.516175195.description": "",
                            "ingress.516175195.from_port": "8080",
                            "ingress.516175195.ipv6_cidr_blocks.#": "0",
                            "ingress.516175195.prefix_list_ids.#": "0",
                            "ingress.516175195.protocol": "tcp",
                            "ingress.516175195.security_groups.#": "0",
                            "ingress.516175195.self": "false",
                            "ingress.516175195.to_port": "8080",
                            "name": "jenkins-securitygroup",
                            "owner_id": "053766923354",
                            "revoke_rules_on_delete": "false",
                            "tags.%": "1",
                            "tags.Name": "jenkins-securitygroup",
                            "vpc_id": "vpc-0207f775936250b03"
                        },
                        "meta": {
                            "e2bfb730-ecaa-11e6-8f88-34363bc7c4c0": {
                                "create": 600000000000,
                                "delete": 600000000000
                            },
                            "schema_version": "1"
                        },
                        "tainted": false
                    },
                    "deposed": [],
                    "provider": "provider.aws"
                },
                "aws_security_group.myapp-elb-securitygroup": {
                    "type": "aws_security_group",
                    "depends_on": [
                        "aws_vpc.main"
                    ],
                    "primary": {
                        "id": "sg-05b759dfc373e74a5",
                        "attributes": {
                            "arn": "arn:aws:ec2:us-east-1:053766923354:security-group/sg-05b759dfc373e74a5",
                            "description": "security group for ecs",
                            "egress.#": "1",
                            "egress.482069346.cidr_blocks.#": "1",
                            "egress.482069346.cidr_blocks.0": "0.0.0.0/0",
                            "egress.482069346.description": "",
                            "egress.482069346.from_port": "0",
                            "egress.482069346.ipv6_cidr_blocks.#": "0",
                            "egress.482069346.prefix_list_ids.#": "0",
                            "egress.482069346.protocol": "-1",
                            "egress.482069346.security_groups.#": "0",
                            "egress.482069346.self": "false",
                            "egress.482069346.to_port": "0",
                            "id": "sg-05b759dfc373e74a5",
                            "ingress.#": "1",
                            "ingress.2214680975.cidr_blocks.#": "1",
                            "ingress.2214680975.cidr_blocks.0": "0.0.0.0/0",
                            "ingress.2214680975.description": "",
                            "ingress.2214680975.from_port": "80",
                            "ingress.2214680975.ipv6_cidr_blocks.#": "0",
                            "ingress.2214680975.prefix_list_ids.#": "0",
                            "ingress.2214680975.protocol": "tcp",
                            "ingress.2214680975.security_groups.#": "0",
                            "ingress.2214680975.self": "false",
                            "ingress.2214680975.to_port": "80",
                            "name": "myapp-elb",
                            "owner_id": "053766923354",
                            "revoke_rules_on_delete": "false",
                            "tags.%": "1",
                            "tags.Name": "myapp-elb",
                            "vpc_id": "vpc-0207f775936250b03"
                        },
                        "meta": {
                            "e2bfb730-ecaa-11e6-8f88-34363bc7c4c0": {
                                "create": 600000000000,
                                "delete": 600000000000
                            },
                            "schema_version": "1"
                        },
                        "tainted": false
                    },
                    "deposed": [],
                    "provider": "provider.aws"
                },
                "aws_subnet.main-private-1": {
                    "type": "aws_subnet",
                    "depends_on": [
                        "aws_vpc.main"
                    ],
                    "primary": {
                        "id": "subnet-0e02fcc0ad745915d",
                        "attributes": {
                            "arn": "arn:aws:ec2:us-east-1:053766923354:subnet/subnet-0e02fcc0ad745915d",
                            "assign_ipv6_address_on_creation": "false",
                            "availability_zone": "us-east-1a",
                            "availability_zone_id": "use1-az6",
                            "cidr_block": "10.0.4.0/24",
                            "id": "subnet-0e02fcc0ad745915d",
                            "ipv6_cidr_block": "",
                            "ipv6_cidr_block_association_id": "",
                            "map_public_ip_on_launch": "false",
                            "owner_id": "053766923354",
                            "tags.%": "1",
                            "tags.Name": "main-private-1",
                            "vpc_id": "vpc-0207f775936250b03"
                        },
                        "meta": {
                            "e2bfb730-ecaa-11e6-8f88-34363bc7c4c0": {
                                "create": 600000000000,
                                "delete": 600000000000
                            },
                            "schema_version": "1"
                        },
                        "tainted": false
                    },
                    "deposed": [],
                    "provider": "provider.aws"
                },
                "aws_subnet.main-private-2": {
                    "type": "aws_subnet",
                    "depends_on": [
                        "aws_vpc.main"
                    ],
                    "primary": {
                        "id": "subnet-05054925cfa378259",
                        "attributes": {
                            "arn": "arn:aws:ec2:us-east-1:053766923354:subnet/subnet-05054925cfa378259",
                            "assign_ipv6_address_on_creation": "false",
                            "availability_zone": "us-east-1b",
                            "availability_zone_id": "use1-az1",
                            "cidr_block": "10.0.5.0/24",
                            "id": "subnet-05054925cfa378259",
                            "ipv6_cidr_block": "",
                            "ipv6_cidr_block_association_id": "",
                            "map_public_ip_on_launch": "false",
                            "owner_id": "053766923354",
                            "tags.%": "1",
                            "tags.Name": "main-private-2",
                            "vpc_id": "vpc-0207f775936250b03"
                        },
                        "meta": {
                            "e2bfb730-ecaa-11e6-8f88-34363bc7c4c0": {
                                "create": 600000000000,
                                "delete": 600000000000
                            },
                            "schema_version": "1"
                        },
                        "tainted": false
                    },
                    "deposed": [],
                    "provider": "provider.aws"
                },
                "aws_subnet.main-private-3": {
                    "type": "aws_subnet",
                    "depends_on": [
                        "aws_vpc.main"
                    ],
                    "primary": {
                        "id": "subnet-0356dd7a49b38bed5",
                        "attributes": {
                            "arn": "arn:aws:ec2:us-east-1:053766923354:subnet/subnet-0356dd7a49b38bed5",
                            "assign_ipv6_address_on_creation": "false",
                            "availability_zone": "us-east-1c",
                            "availability_zone_id": "use1-az2",
                            "cidr_block": "10.0.6.0/24",
                            "id": "subnet-0356dd7a49b38bed5",
                            "ipv6_cidr_block": "",
                            "ipv6_cidr_block_association_id": "",
                            "map_public_ip_on_launch": "false",
                            "owner_id": "053766923354",
                            "tags.%": "1",
                            "tags.Name": "main-private-3",
                            "vpc_id": "vpc-0207f775936250b03"
                        },
                        "meta": {
                            "e2bfb730-ecaa-11e6-8f88-34363bc7c4c0": {
                                "create": 600000000000,
                                "delete": 600000000000
                            },
                            "schema_version": "1"
                        },
                        "tainted": false
                    },
                    "deposed": [],
                    "provider": "provider.aws"
                },
                "aws_subnet.main-public-1": {
                    "type": "aws_subnet",
                    "depends_on": [
                        "aws_vpc.main"
                    ],
                    "primary": {
                        "id": "subnet-0531c331965d2ff11",
                        "attributes": {
                            "arn": "arn:aws:ec2:us-east-1:053766923354:subnet/subnet-0531c331965d2ff11",
                            "assign_ipv6_address_on_creation": "false",
                            "availability_zone": "us-east-1a",
                            "availability_zone_id": "use1-az6",
                            "cidr_block": "10.0.1.0/24",
                            "id": "subnet-0531c331965d2ff11",
                            "ipv6_cidr_block": "",
                            "ipv6_cidr_block_association_id": "",
                            "map_public_ip_on_launch": "true",
                            "owner_id": "053766923354",
                            "tags.%": "1",
                            "tags.Name": "main-public-1",
                            "vpc_id": "vpc-0207f775936250b03"
                        },
                        "meta": {
                            "e2bfb730-ecaa-11e6-8f88-34363bc7c4c0": {
                                "create": 600000000000,
                                "delete": 600000000000
                            },
                            "schema_version": "1"
                        },
                        "tainted": false
                    },
                    "deposed": [],
                    "provider": "provider.aws"
                },
                "aws_subnet.main-public-2": {
                    "type": "aws_subnet",
                    "depends_on": [
                        "aws_vpc.main"
                    ],
                    "primary": {
                        "id": "subnet-0513551831e9b071f",
                        "attributes": {
                            "arn": "arn:aws:ec2:us-east-1:053766923354:subnet/subnet-0513551831e9b071f",
                            "assign_ipv6_address_on_creation": "false",
                            "availability_zone": "us-east-1b",
                            "availability_zone_id": "use1-az1",
                            "cidr_block": "10.0.2.0/24",
                            "id": "subnet-0513551831e9b071f",
                            "ipv6_cidr_block": "",
                            "ipv6_cidr_block_association_id": "",
                            "map_public_ip_on_launch": "true",
                            "owner_id": "053766923354",
                            "tags.%": "1",
                            "tags.Name": "main-public-2",
                            "vpc_id": "vpc-0207f775936250b03"
                        },
                        "meta": {
                            "e2bfb730-ecaa-11e6-8f88-34363bc7c4c0": {
                                "create": 600000000000,
                                "delete": 600000000000
                            },
                            "schema_version": "1"
                        },
                        "tainted": false
                    },
                    "deposed": [],
                    "provider": "provider.aws"
                },
                "aws_subnet.main-public-3": {
                    "type": "aws_subnet",
                    "depends_on": [
                        "aws_vpc.main"
                    ],
                    "primary": {
                        "id": "subnet-03c88cffca1d9b276",
                        "attributes": {
                            "arn": "arn:aws:ec2:us-east-1:053766923354:subnet/subnet-03c88cffca1d9b276",
                            "assign_ipv6_address_on_creation": "false",
                            "availability_zone": "us-east-1c",
                            "availability_zone_id": "use1-az2",
                            "cidr_block": "10.0.3.0/24",
                            "id": "subnet-03c88cffca1d9b276",
                            "ipv6_cidr_block": "",
                            "ipv6_cidr_block_association_id": "",
                            "map_public_ip_on_launch": "true",
                            "owner_id": "053766923354",
                            "tags.%": "1",
                            "tags.Name": "main-public-3",
                            "vpc_id": "vpc-0207f775936250b03"
                        },
                        "meta": {
                            "e2bfb730-ecaa-11e6-8f88-34363bc7c4c0": {
                                "create": 600000000000,
                                "delete": 600000000000
                            },
                            "schema_version": "1"
                        },
                        "tainted": false
                    },
                    "deposed": [],
                    "provider": "provider.aws"
                },
                "aws_volume_attachment.jenkins-data-attachment": {
                    "type": "aws_volume_attachment",
                    "depends_on": [
                        "aws_ebs_volume.jenkins-data",
                        "aws_instance.jenkins-instance"
                    ],
                    "primary": {
                        "id": "vai-3712264895",
                        "attributes": {
                            "device_name": "/dev/xvdh",
                            "id": "vai-3712264895",
                            "instance_id": "i-0f4d9a9f30fc994c1",
                            "volume_id": "vol-04e48d447a4e61244"
                        },
                        "meta": {},
                        "tainted": false
                    },
                    "deposed": [],
                    "provider": "provider.aws"
                },
                "aws_vpc.main": {
                    "type": "aws_vpc",
                    "depends_on": [],
                    "primary": {
                        "id": "vpc-0207f775936250b03",
                        "attributes": {
                            "arn": "arn:aws:ec2:us-east-1:053766923354:vpc/vpc-0207f775936250b03",
                            "assign_generated_ipv6_cidr_block": "false",
                            "cidr_block": "10.0.0.0/16",
                            "default_network_acl_id": "acl-09063758b80fd467a",
                            "default_route_table_id": "rtb-07a9fb9a6aec4595e",
                            "default_security_group_id": "sg-0c6cf876e9c5eee5b",
                            "dhcp_options_id": "dopt-8b6718f0",
                            "enable_classiclink": "false",
                            "enable_classiclink_dns_support": "false",
                            "enable_dns_hostnames": "true",
                            "enable_dns_support": "true",
                            "id": "vpc-0207f775936250b03",
                            "instance_tenancy": "default",
                            "ipv6_association_id": "",
                            "ipv6_cidr_block": "",
                            "main_route_table_id": "rtb-07a9fb9a6aec4595e",
                            "owner_id": "053766923354",
                            "tags.%": "1",
                            "tags.Name": "main"
                        },
                        "meta": {
                            "schema_version": "1"
                        },
                        "tainted": false
                    },
                    "deposed": [],
                    "provider": "provider.aws"
                },
                "data.template_cloudinit_config.cloudinit-jenkins": {
                    "type": "template_cloudinit_config",
                    "depends_on": [
                        "data.template_file.jenkins-init"
                    ],
                    "primary": {
                        "id": "2189273089",
                        "attributes": {
                            "base64_encode": "false",
                            "gzip": "false",
                            "id": "2189273089",
                            "part.#": "1",
                            "part.0.content": "#!/bin/bash\n\n# volume setup\nvgchange -ay\n\nDEVICE_FS=`blkid -o value -s TYPE /dev/xvdh`\nif [ \"`echo -n $DEVICE_FS`\" == \"\" ] ; then \n  # wait for the device to be attached\n  DEVICENAME=`echo \"/dev/xvdh\" | awk -F '/' '{print $3}'`\n  DEVICEEXISTS=''\n  while [[ -z $DEVICEEXISTS ]]; do\n    echo \"checking $DEVICENAME\"\n    DEVICEEXISTS=`lsblk |grep \"$DEVICENAME\" |wc -l`\n    if [[ $DEVICEEXISTS != \"1\" ]]; then\n      sleep 15\n    fi\n  done\n  pvcreate /dev/xvdh\n  vgcreate data /dev/xvdh\n  lvcreate --name volume1 -l 100%FREE data\n  mkfs.ext4 /dev/data/volume1\nfi\nmkdir -p /var/lib/jenkins\necho '/dev/data/volume1 /var/lib/jenkins ext4 defaults 0 0' \u003e\u003e /etc/fstab\nmount /var/lib/jenkins\n\n# install jenkins and docker\nwget -q -O - https://pkg.jenkins.io/debian-stable/jenkins.io.key | sudo apt-key add -\necho \"deb http://pkg.jenkins.io/debian-stable binary/\" \u003e\u003e /etc/apt/sources.list\napt-get update\napt-get install -y jenkins=2.73.2 unzip docker.io\n\n# enable docker and add perms\nusermod -G docker jenkins\nsystemctl enable docker\nservice docker start\nservice jenkins restart\n\n# install pip\nwget -q https://bootstrap.pypa.io/get-pip.py\npython get-pip.py\npython3 get-pip.py\nrm -f get-pip.py\n# install awscli\npip install awscli\n\n# install terraform\nTERRAFORM_VERSION=\"0.11.7\"\nwget -q https://releases.hashicorp.com/terraform/${TERRAFORM_VERSION}/terraform_${TERRAFORM_VERSION}_linux_amd64.zip \\\n\u0026\u0026 unzip -o terraform_${TERRAFORM_VERSION}_linux_amd64.zip -d /usr/local/bin \\\n\u0026\u0026 rm terraform_${TERRAFORM_VERSION}_linux_amd64.zip\n\n# clean up\napt-get clean\nrm terraform_0.7.7_linux_amd64.zip\n",
                            "part.0.content_type": "text/x-shellscript",
                            "part.0.filename": "",
                            "part.0.merge_type": "",
                            "rendered": "Content-Type: multipart/mixed; boundary=\"MIMEBOUNDARY\"\nMIME-Version: 1.0\r\n\r\n--MIMEBOUNDARY\r\nContent-Transfer-Encoding: 7bit\r\nContent-Type: text/x-shellscript\r\nMime-Version: 1.0\r\n\r\n#!/bin/bash\n\n# volume setup\nvgchange -ay\n\nDEVICE_FS=`blkid -o value -s TYPE /dev/xvdh`\nif [ \"`echo -n $DEVICE_FS`\" == \"\" ] ; then \n  # wait for the device to be attached\n  DEVICENAME=`echo \"/dev/xvdh\" | awk -F '/' '{print $3}'`\n  DEVICEEXISTS=''\n  while [[ -z $DEVICEEXISTS ]]; do\n    echo \"checking $DEVICENAME\"\n    DEVICEEXISTS=`lsblk |grep \"$DEVICENAME\" |wc -l`\n    if [[ $DEVICEEXISTS != \"1\" ]]; then\n      sleep 15\n    fi\n  done\n  pvcreate /dev/xvdh\n  vgcreate data /dev/xvdh\n  lvcreate --name volume1 -l 100%FREE data\n  mkfs.ext4 /dev/data/volume1\nfi\nmkdir -p /var/lib/jenkins\necho '/dev/data/volume1 /var/lib/jenkins ext4 defaults 0 0' \u003e\u003e /etc/fstab\nmount /var/lib/jenkins\n\n# install jenkins and docker\nwget -q -O - https://pkg.jenkins.io/debian-stable/jenkins.io.key | sudo apt-key add -\necho \"deb http://pkg.jenkins.io/debian-stable binary/\" \u003e\u003e /etc/apt/sources.list\napt-get update\napt-get install -y jenkins=2.73.2 unzip docker.io\n\n# enable docker and add perms\nusermod -G docker jenkins\nsystemctl enable docker\nservice docker start\nservice jenkins restart\n\n# install pip\nwget -q https://bootstrap.pypa.io/get-pip.py\npython get-pip.py\npython3 get-pip.py\nrm -f get-pip.py\n# install awscli\npip install awscli\n\n# install terraform\nTERRAFORM_VERSION=\"0.11.7\"\nwget -q https://releases.hashicorp.com/terraform/${TERRAFORM_VERSION}/terraform_${TERRAFORM_VERSION}_linux_amd64.zip \\\n\u0026\u0026 unzip -o terraform_${TERRAFORM_VERSION}_linux_amd64.zip -d /usr/local/bin \\\n\u0026\u0026 rm terraform_${TERRAFORM_VERSION}_linux_amd64.zip\n\n# clean up\napt-get clean\nrm terraform_0.7.7_linux_amd64.zip\n\r\n--MIMEBOUNDARY--\r\n"
                        },
                        "meta": {},
                        "tainted": false
                    },
                    "deposed": [],
                    "provider": "provider.template"
                },
                "data.template_file.jenkins-init": {
                    "type": "template_file",
                    "depends_on": [],
                    "primary": {
                        "id": "5d61896fadb07e2efa0abfdd15442f5230a5dd71dbade2d3aeba5b27ed6327d1",
                        "attributes": {
                            "id": "5d61896fadb07e2efa0abfdd15442f5230a5dd71dbade2d3aeba5b27ed6327d1",
                            "rendered": "#!/bin/bash\n\n# volume setup\nvgchange -ay\n\nDEVICE_FS=`blkid -o value -s TYPE /dev/xvdh`\nif [ \"`echo -n $DEVICE_FS`\" == \"\" ] ; then \n  # wait for the device to be attached\n  DEVICENAME=`echo \"/dev/xvdh\" | awk -F '/' '{print $3}'`\n  DEVICEEXISTS=''\n  while [[ -z $DEVICEEXISTS ]]; do\n    echo \"checking $DEVICENAME\"\n    DEVICEEXISTS=`lsblk |grep \"$DEVICENAME\" |wc -l`\n    if [[ $DEVICEEXISTS != \"1\" ]]; then\n      sleep 15\n    fi\n  done\n  pvcreate /dev/xvdh\n  vgcreate data /dev/xvdh\n  lvcreate --name volume1 -l 100%FREE data\n  mkfs.ext4 /dev/data/volume1\nfi\nmkdir -p /var/lib/jenkins\necho '/dev/data/volume1 /var/lib/jenkins ext4 defaults 0 0' \u003e\u003e /etc/fstab\nmount /var/lib/jenkins\n\n# install jenkins and docker\nwget -q -O - https://pkg.jenkins.io/debian-stable/jenkins.io.key | sudo apt-key add -\necho \"deb http://pkg.jenkins.io/debian-stable binary/\" \u003e\u003e /etc/apt/sources.list\napt-get update\napt-get install -y jenkins=2.73.2 unzip docker.io\n\n# enable docker and add perms\nusermod -G docker jenkins\nsystemctl enable docker\nservice docker start\nservice jenkins restart\n\n# install pip\nwget -q https://bootstrap.pypa.io/get-pip.py\npython get-pip.py\npython3 get-pip.py\nrm -f get-pip.py\n# install awscli\npip install awscli\n\n# install terraform\nTERRAFORM_VERSION=\"0.11.7\"\nwget -q https://releases.hashicorp.com/terraform/${TERRAFORM_VERSION}/terraform_${TERRAFORM_VERSION}_linux_amd64.zip \\\n\u0026\u0026 unzip -o terraform_${TERRAFORM_VERSION}_linux_amd64.zip -d /usr/local/bin \\\n\u0026\u0026 rm terraform_${TERRAFORM_VERSION}_linux_amd64.zip\n\n# clean up\napt-get clean\nrm terraform_0.7.7_linux_amd64.zip\n",
                            "template": "#!/bin/bash\n\n# volume setup\nvgchange -ay\n\nDEVICE_FS=`blkid -o value -s TYPE ${DEVICE}`\nif [ \"`echo -n $DEVICE_FS`\" == \"\" ] ; then \n  # wait for the device to be attached\n  DEVICENAME=`echo \"${DEVICE}\" | awk -F '/' '{print $3}'`\n  DEVICEEXISTS=''\n  while [[ -z $DEVICEEXISTS ]]; do\n    echo \"checking $DEVICENAME\"\n    DEVICEEXISTS=`lsblk |grep \"$DEVICENAME\" |wc -l`\n    if [[ $DEVICEEXISTS != \"1\" ]]; then\n      sleep 15\n    fi\n  done\n  pvcreate ${DEVICE}\n  vgcreate data ${DEVICE}\n  lvcreate --name volume1 -l 100%FREE data\n  mkfs.ext4 /dev/data/volume1\nfi\nmkdir -p /var/lib/jenkins\necho '/dev/data/volume1 /var/lib/jenkins ext4 defaults 0 0' \u003e\u003e /etc/fstab\nmount /var/lib/jenkins\n\n# install jenkins and docker\nwget -q -O - https://pkg.jenkins.io/debian-stable/jenkins.io.key | sudo apt-key add -\necho \"deb http://pkg.jenkins.io/debian-stable binary/\" \u003e\u003e /etc/apt/sources.list\napt-get update\napt-get install -y jenkins=${JENKINS_VERSION} unzip docker.io\n\n# enable docker and add perms\nusermod -G docker jenkins\nsystemctl enable docker\nservice docker start\nservice jenkins restart\n\n# install pip\nwget -q https://bootstrap.pypa.io/get-pip.py\npython get-pip.py\npython3 get-pip.py\nrm -f get-pip.py\n# install awscli\npip install awscli\n\n# install terraform\nTERRAFORM_VERSION=\"0.11.7\"\nwget -q https://releases.hashicorp.com/terraform/$${TERRAFORM_VERSION}/terraform_$${TERRAFORM_VERSION}_linux_amd64.zip \\\n\u0026\u0026 unzip -o terraform_$${TERRAFORM_VERSION}_linux_amd64.zip -d /usr/local/bin \\\n\u0026\u0026 rm terraform_$${TERRAFORM_VERSION}_linux_amd64.zip\n\n# clean up\napt-get clean\nrm terraform_0.7.7_linux_amd64.zip\n",
                            "vars.%": "2",
                            "vars.DEVICE": "/dev/xvdh",
                            "vars.JENKINS_VERSION": "2.73.2"
                        },
                        "meta": {},
                        "tainted": false
                    },
                    "deposed": [],
                    "provider": "provider.template"
                },
                "data.template_file.myapp-task-definition-template": {
                    "type": "template_file",
                    "depends_on": [
                        "aws_ecr_repository.myapp"
                    ],
                    "primary": {
                        "id": "b287b69c7a283be8b1fbd5d7bb224588d458772345e1551a338967183a230ba2",
                        "attributes": {
                            "id": "b287b69c7a283be8b1fbd5d7bb224588d458772345e1551a338967183a230ba2",
                            "rendered": "[\n  {\n    \"essential\": true,\n    \"memory\": 256,\n    \"name\": \"myapp\",\n    \"cpu\": 256,\n    \"image\": \"053766923354.dkr.ecr.us-east-1.amazonaws.com/myapp:0\",\n    \"workingDirectory\": \"/app\",\n    \"command\": [\"npm\", \"start\"],\n    \"portMappings\": [\n        {\n            \"containerPort\": 3000,\n            \"hostPort\": 3000\n        }\n    ]\n  }\n]\n\n",
                            "template": "[\n  {\n    \"essential\": true,\n    \"memory\": 256,\n    \"name\": \"myapp\",\n    \"cpu\": 256,\n    \"image\": \"${REPOSITORY_URL}:${APP_VERSION}\",\n    \"workingDirectory\": \"/app\",\n    \"command\": [\"npm\", \"start\"],\n    \"portMappings\": [\n        {\n            \"containerPort\": 3000,\n            \"hostPort\": 3000\n        }\n    ]\n  }\n]\n\n",
                            "vars.%": "2",
                            "vars.APP_VERSION": "0",
                            "vars.REPOSITORY_URL": "053766923354.dkr.ecr.us-east-1.amazonaws.com/myapp"
                        },
                        "meta": {},
                        "tainted": false
                    },
                    "deposed": [],
                    "provider": "provider.template"
                }
            },
            "depends_on": []
        }
    ]
}
