{
  "version": 4,
  "terraform_version": "0.12.7",
  "serial": 35,
  "lineage": "e7ccc72a-f681-f06b-61f4-38eba58342b6",
  "outputs": {
    "elb": {
      "value": "myapp-elb-1534603906.us-east-1.elb.amazonaws.com",
      "type": "string"
    }
  },
  "resources": [
    {
      "mode": "data",
      "type": "template_file",
      "name": "myapp-task-definition-template",
      "provider": "provider.template",
      "instances": [
        {
          "schema_version": 0,
          "attributes": {
            "filename": null,
            "id": "06fcc9e2f652967bb7c626475506214ec367f15267764c697a7b4a928e5cb7d0",
            "rendered": "[\n  {\n    \"essential\": true,\n    \"memory\": 256,\n    \"name\": \"myapp\",\n    \"cpu\": 256,\n    \"image\": \"053766923354.dkr.ecr.us-east-1.amazonaws.com/myapp:1.1\",\n    \"workingDirectory\": \"/app\",\n    \"command\": [\"npm\", \"start\"],\n    \"portMappings\": [\n        {\n            \"containerPort\": 3000,\n            \"hostPort\": 3000\n        }\n    ]\n  }\n]\n\n",
            "template": "[\n  {\n    \"essential\": true,\n    \"memory\": 256,\n    \"name\": \"myapp\",\n    \"cpu\": 256,\n    \"image\": \"${REPOSITORY_URL}:1.1\",\n    \"workingDirectory\": \"/app\",\n    \"command\": [\"npm\", \"start\"],\n    \"portMappings\": [\n        {\n            \"containerPort\": 3000,\n            \"hostPort\": 3000\n        }\n    ]\n  }\n]\n\n",
            "vars": {
              "REPOSITORY_URL": "053766923354.dkr.ecr.us-east-1.amazonaws.com/myapp"
            }
          },
          "depends_on": [
            "aws_ecr_repository.myapp"
          ]
        }
      ]
    },
    {
      "mode": "managed",
      "type": "aws_autoscaling_group",
      "name": "ecs-example-autoscaling",
      "provider": "provider.aws",
      "instances": [
        {
          "schema_version": 0,
          "attributes": {
            "arn": "arn:aws:autoscaling:us-east-1:053766923354:autoScalingGroup:45940249-fa37-4070-9026-7fef19b794c9:autoScalingGroupName/ecs-example-autoscaling",
            "availability_zones": [
              "us-east-1a",
              "us-east-1b"
            ],
            "default_cooldown": 300,
            "desired_capacity": 1,
            "enabled_metrics": null,
            "force_delete": false,
            "health_check_grace_period": 300,
            "health_check_type": "EC2",
            "id": "ecs-example-autoscaling",
            "initial_lifecycle_hook": [],
            "launch_configuration": "ecs-launchconfig20190825215246734300000001",
            "launch_template": [],
            "load_balancers": [],
            "max_size": 4,
            "metrics_granularity": "1Minute",
            "min_elb_capacity": null,
            "min_size": 1,
            "mixed_instances_policy": [],
            "name": "ecs-example-autoscaling",
            "name_prefix": null,
            "placement_group": "",
            "protect_from_scale_in": false,
            "service_linked_role_arn": "arn:aws:iam::053766923354:role/aws-service-role/autoscaling.amazonaws.com/AWSServiceRoleForAutoScaling",
            "suspended_processes": null,
            "tag": [
              {
                "key": "Name",
                "propagate_at_launch": true,
                "value": "ecs-ec2-container"
              }
            ],
            "tags": null,
            "target_group_arns": [],
            "termination_policies": null,
            "timeouts": null,
            "vpc_zone_identifier": [
              "subnet-003f8e692cf76c64d",
              "subnet-09900a082a4512c6a"
            ],
            "wait_for_capacity_timeout": "10m",
            "wait_for_elb_capacity": null
          },
          "private": "eyJlMmJmYjczMC1lY2FhLTExZTYtOGY4OC0zNDM2M2JjN2M0YzAiOnsiZGVsZXRlIjo2MDAwMDAwMDAwMDB9fQ==",
          "depends_on": [
            "aws_launch_configuration.ecs-example-launchconfig",
            "aws_subnet.main-public-1",
            "aws_subnet.main-public-2"
          ]
        }
      ]
    },
    {
      "mode": "managed",
      "type": "aws_ecr_repository",
      "name": "myapp",
      "provider": "provider.aws",
      "instances": [
        {
          "schema_version": 0,
          "attributes": {
            "arn": "arn:aws:ecr:us-east-1:053766923354:repository/myapp",
            "id": "myapp",
            "image_tag_mutability": "MUTABLE",
            "name": "myapp",
            "registry_id": "053766923354",
            "repository_url": "053766923354.dkr.ecr.us-east-1.amazonaws.com/myapp",
            "tags": {},
            "timeouts": null
          },
          "private": "eyJlMmJmYjczMC1lY2FhLTExZTYtOGY4OC0zNDM2M2JjN2M0YzAiOnsiZGVsZXRlIjoxMjAwMDAwMDAwMDAwfX0="
        }
      ]
    },
    {
      "mode": "managed",
      "type": "aws_ecs_cluster",
      "name": "example-cluster",
      "provider": "provider.aws",
      "instances": [
        {
          "schema_version": 0,
          "attributes": {
            "arn": "arn:aws:ecs:us-east-1:053766923354:cluster/example-cluster",
            "id": "arn:aws:ecs:us-east-1:053766923354:cluster/example-cluster",
            "name": "example-cluster",
            "tags": null
          },
          "private": "bnVsbA=="
        }
      ]
    },
    {
      "mode": "managed",
      "type": "aws_ecs_service",
      "name": "myapp-service",
      "provider": "provider.aws",
      "instances": [
        {
          "schema_version": 0,
          "attributes": {
            "cluster": "arn:aws:ecs:us-east-1:053766923354:cluster/example-cluster",
            "deployment_controller": [
              {
                "type": "ECS"
              }
            ],
            "deployment_maximum_percent": 200,
            "deployment_minimum_healthy_percent": 100,
            "desired_count": 1,
            "enable_ecs_managed_tags": false,
            "health_check_grace_period_seconds": 0,
            "iam_role": "arn:aws:iam::053766923354:role/ecs-service-role",
            "id": "arn:aws:ecs:us-east-1:053766923354:service/myapp",
            "launch_type": "EC2",
            "load_balancer": [
              {
                "container_name": "myapp",
                "container_port": 3000,
                "elb_name": "myapp-elb",
                "target_group_arn": ""
              }
            ],
            "name": "myapp",
            "network_configuration": [],
            "ordered_placement_strategy": [],
            "placement_constraints": [],
            "placement_strategy": [],
            "platform_version": "",
            "propagate_tags": "NONE",
            "scheduling_strategy": "REPLICA",
            "service_registries": [],
            "tags": null,
            "task_definition": "arn:aws:ecs:us-east-1:053766923354:task-definition/myapp:15"
          },
          "private": "bnVsbA==",
          "depends_on": [
            "aws_ecs_cluster.example-cluster",
            "aws_ecs_task_definition.myapp-task-definition",
            "aws_elb.myapp-elb",
            "aws_iam_policy_attachment.ecs-service-attach1",
            "aws_iam_role.ecs-service-role"
          ]
        }
      ]
    },
    {
      "mode": "managed",
      "type": "aws_ecs_task_definition",
      "name": "myapp-task-definition",
      "provider": "provider.aws",
      "instances": [
        {
          "schema_version": 1,
          "attributes": {
            "arn": "arn:aws:ecs:us-east-1:053766923354:task-definition/myapp:15",
            "container_definitions": "[{\"command\":[\"npm\",\"start\"],\"cpu\":256,\"environment\":[],\"essential\":true,\"image\":\"053766923354.dkr.ecr.us-east-1.amazonaws.com/myapp:1.1\",\"memory\":256,\"mountPoints\":[],\"name\":\"myapp\",\"portMappings\":[{\"containerPort\":3000,\"hostPort\":3000,\"protocol\":\"tcp\"}],\"volumesFrom\":[],\"workingDirectory\":\"/app\"}]",
            "cpu": "",
            "execution_role_arn": "",
            "family": "myapp",
            "id": "myapp",
            "ipc_mode": null,
            "memory": "",
            "network_mode": "",
            "pid_mode": null,
            "placement_constraints": [],
            "proxy_configuration": [],
            "requires_compatibilities": null,
            "revision": 15,
            "tags": null,
            "task_role_arn": "",
            "volume": []
          },
          "private": "eyJzY2hlbWFfdmVyc2lvbiI6IjEifQ==",
          "depends_on": [
            "data.template_file.myapp-task-definition-template"
          ]
        }
      ]
    },
    {
      "mode": "managed",
      "type": "aws_elb",
      "name": "myapp-elb",
      "provider": "provider.aws",
      "instances": [
        {
          "schema_version": 0,
          "attributes": {
            "access_logs": [],
            "arn": "arn:aws:elasticloadbalancing:us-east-1:053766923354:loadbalancer/myapp-elb",
            "availability_zones": [
              "us-east-1a",
              "us-east-1b"
            ],
            "connection_draining": true,
            "connection_draining_timeout": 400,
            "cross_zone_load_balancing": true,
            "dns_name": "myapp-elb-1534603906.us-east-1.elb.amazonaws.com",
            "health_check": [
              {
                "healthy_threshold": 3,
                "interval": 60,
                "target": "HTTP:3000/",
                "timeout": 30,
                "unhealthy_threshold": 3
              }
            ],
            "id": "myapp-elb",
            "idle_timeout": 400,
            "instances": [],
            "internal": false,
            "listener": [
              {
                "instance_port": 3000,
                "instance_protocol": "http",
                "lb_port": 80,
                "lb_protocol": "http",
                "ssl_certificate_id": ""
              }
            ],
            "name": "myapp-elb",
            "name_prefix": null,
            "security_groups": [
              "sg-01d059c0eeecf5866"
            ],
            "source_security_group": "053766923354/myapp-elb",
            "source_security_group_id": "sg-01d059c0eeecf5866",
            "subnets": [
              "subnet-003f8e692cf76c64d",
              "subnet-09900a082a4512c6a"
            ],
            "tags": {
              "Name": "myapp-elb"
            },
            "zone_id": "Z35SXDOTRQ7X7K"
          },
          "private": "bnVsbA==",
          "depends_on": [
            "aws_security_group.myapp-elb-securitygroup",
            "aws_subnet.main-public-1",
            "aws_subnet.main-public-2"
          ]
        }
      ]
    },
    {
      "mode": "managed",
      "type": "aws_iam_instance_profile",
      "name": "ecs-ec2-role",
      "provider": "provider.aws",
      "instances": [
        {
          "schema_version": 0,
          "attributes": {
            "arn": "arn:aws:iam::053766923354:instance-profile/ecs-ec2-role",
            "create_date": "2019-08-25T21:52:42Z",
            "id": "ecs-ec2-role",
            "name": "ecs-ec2-role",
            "name_prefix": null,
            "path": "/",
            "role": "ecs-ec2-role",
            "roles": [],
            "unique_id": "AIPAQZBGCERNGP4SZGBPF"
          },
          "private": "bnVsbA==",
          "depends_on": [
            "aws_iam_role.ecs-ec2-role"
          ]
        }
      ]
    },
    {
      "mode": "managed",
      "type": "aws_iam_policy_attachment",
      "name": "ecs-service-attach1",
      "provider": "provider.aws",
      "instances": [
        {
          "schema_version": 0,
          "attributes": {
            "groups": null,
            "id": "ecs-service-attach1",
            "name": "ecs-service-attach1",
            "policy_arn": "arn:aws:iam::aws:policy/service-role/AmazonEC2ContainerServiceRole",
            "roles": [
              "ecs-service-role"
            ],
            "users": null
          },
          "private": "bnVsbA==",
          "depends_on": [
            "aws_iam_role.ecs-service-role"
          ]
        }
      ]
    },
    {
      "mode": "managed",
      "type": "aws_iam_role",
      "name": "ecs-consul-server-role",
      "provider": "provider.aws",
      "instances": [
        {
          "schema_version": 0,
          "attributes": {
            "arn": "arn:aws:iam::053766923354:role/ecs-consul-server-role",
            "assume_role_policy": "{\"Version\":\"2012-10-17\",\"Statement\":[{\"Sid\":\"\",\"Effect\":\"Allow\",\"Principal\":{\"Service\":\"ec2.amazonaws.com\"},\"Action\":\"sts:AssumeRole\"}]}",
            "create_date": "2019-08-25T21:52:42Z",
            "description": "",
            "force_detach_policies": false,
            "id": "ecs-consul-server-role",
            "max_session_duration": 3600,
            "name": "ecs-consul-server-role",
            "name_prefix": null,
            "path": "/",
            "permissions_boundary": null,
            "tags": null,
            "unique_id": "AROAQZBGCERNEUUDAF3Z5"
          },
          "private": "bnVsbA=="
        }
      ]
    },
    {
      "mode": "managed",
      "type": "aws_iam_role",
      "name": "ecs-ec2-role",
      "provider": "provider.aws",
      "instances": [
        {
          "schema_version": 0,
          "attributes": {
            "arn": "arn:aws:iam::053766923354:role/ecs-ec2-role",
            "assume_role_policy": "{\"Version\":\"2012-10-17\",\"Statement\":[{\"Sid\":\"\",\"Effect\":\"Allow\",\"Principal\":{\"Service\":\"ec2.amazonaws.com\"},\"Action\":\"sts:AssumeRole\"}]}",
            "create_date": "2019-08-25T21:52:42Z",
            "description": "",
            "force_detach_policies": false,
            "id": "ecs-ec2-role",
            "max_session_duration": 3600,
            "name": "ecs-ec2-role",
            "name_prefix": null,
            "path": "/",
            "permissions_boundary": null,
            "tags": null,
            "unique_id": "AROAQZBGCERNIYIQK3MCD"
          },
          "private": "bnVsbA=="
        }
      ]
    },
    {
      "mode": "managed",
      "type": "aws_iam_role",
      "name": "ecs-service-role",
      "provider": "provider.aws",
      "instances": [
        {
          "schema_version": 0,
          "attributes": {
            "arn": "arn:aws:iam::053766923354:role/ecs-service-role",
            "assume_role_policy": "{\"Version\":\"2012-10-17\",\"Statement\":[{\"Sid\":\"\",\"Effect\":\"Allow\",\"Principal\":{\"Service\":\"ecs.amazonaws.com\"},\"Action\":\"sts:AssumeRole\"}]}",
            "create_date": "2019-08-25T21:52:42Z",
            "description": "",
            "force_detach_policies": false,
            "id": "ecs-service-role",
            "max_session_duration": 3600,
            "name": "ecs-service-role",
            "name_prefix": null,
            "path": "/",
            "permissions_boundary": null,
            "tags": null,
            "unique_id": "AROAQZBGCERNNZE6PIQLJ"
          },
          "private": "bnVsbA=="
        }
      ]
    },
    {
      "mode": "managed",
      "type": "aws_iam_role_policy",
      "name": "ecs-ec2-role-policy",
      "provider": "provider.aws",
      "instances": [
        {
          "schema_version": 0,
          "attributes": {
            "id": "ecs-ec2-role:ecs-ec2-role-policy",
            "name": "ecs-ec2-role-policy",
            "name_prefix": null,
            "policy": "{\n    \"Version\": \"2012-10-17\",\n    \"Statement\": [\n        {\n            \"Effect\": \"Allow\",\n            \"Action\": [\n              \"ecs:CreateCluster\",\n              \"ecs:DeregisterContainerInstance\",\n              \"ecs:DiscoverPollEndpoint\",\n              \"ecs:Poll\",\n              \"ecs:RegisterContainerInstance\",\n              \"ecs:StartTelemetrySession\",\n              \"ecs:Submit*\",\n              \"ecs:StartTask\",\n              \"ecr:GetAuthorizationToken\",\n              \"ecr:BatchCheckLayerAvailability\",\n              \"ecr:GetDownloadUrlForLayer\",\n              \"ecr:BatchGetImage\",\n              \"logs:CreateLogStream\",\n              \"logs:PutLogEvents\"\n            ],\n            \"Resource\": \"*\"\n        },\n        {\n            \"Effect\": \"Allow\",\n            \"Action\": [\n                \"logs:CreateLogGroup\",\n                \"logs:CreateLogStream\",\n                \"logs:PutLogEvents\",\n                \"logs:DescribeLogStreams\"\n            ],\n            \"Resource\": [\n                \"arn:aws:logs:*:*:*\"\n            ]\n        }\n    ]\n}\n",
            "role": "ecs-ec2-role"
          },
          "private": "bnVsbA==",
          "depends_on": [
            "aws_iam_role.ecs-ec2-role"
          ]
        }
      ]
    },
    {
      "mode": "managed",
      "type": "aws_internet_gateway",
      "name": "main-gw",
      "provider": "provider.aws",
      "instances": [
        {
          "schema_version": 0,
          "attributes": {
            "id": "igw-00c5e39eabf2e3dc2",
            "owner_id": "053766923354",
            "tags": {
              "Name": "main"
            },
            "vpc_id": "vpc-0a711ee7ee911bd57"
          },
          "private": "bnVsbA==",
          "depends_on": [
            "aws_vpc.main"
          ]
        }
      ]
    },
    {
      "mode": "managed",
      "type": "aws_key_pair",
      "name": "mykeypair",
      "provider": "provider.aws",
      "instances": [
        {
          "schema_version": 1,
          "attributes": {
            "fingerprint": "0b:b3:14:82:e1:96:a5:e4:e9:26:b0:4c:61:15:0d:8b",
            "id": "mykeypair",
            "key_name": "mykeypair",
            "key_name_prefix": null,
            "public_key": "ssh-rsa AAAAB3NzaC1yc2EAAAADAQABAAABAQC5o1XWJpnI+Hgv/O1yHhqp4FibtSq6mvDMkCIsyvWGMnST9OMgEIhVpbzEPnPl0BeQYeUTXbWuXthjELVuQnWILEx2s45tY3fFblsYritrg2VXbSlHKAEfLo/3ouHBT0CNiQuE/ZLzwWfS+vZDlLEChg1qXJHPCyY37OCjgs4tG8kaWCVqVcNIJHXhUm7ud6xi9nrWokPbmIWTP0f8A5nDzLmu0XBkXscvtuLdyZqISL+I+CFDNoG5wB85USX0f00Pf74PHk+uu4dfu6KHd9OYQMOknntlhyufLNBhZErMb+ISXhSbNyVtJGJNiGELuvDxD446SpJ7aM67rH4VWYt5 ec2-user@ip-172-31-46-151"
          },
          "private": "eyJzY2hlbWFfdmVyc2lvbiI6IjEifQ=="
        }
      ]
    },
    {
      "mode": "managed",
      "type": "aws_launch_configuration",
      "name": "ecs-example-launchconfig",
      "provider": "provider.aws",
      "instances": [
        {
          "schema_version": 0,
          "attributes": {
            "associate_public_ip_address": false,
            "ebs_block_device": [],
            "ebs_optimized": false,
            "enable_monitoring": true,
            "ephemeral_block_device": [],
            "iam_instance_profile": "ecs-ec2-role",
            "id": "ecs-launchconfig20190825215246734300000001",
            "image_id": "ami-1924770e",
            "instance_type": "t2.micro",
            "key_name": "mykeypair",
            "name": "ecs-launchconfig20190825215246734300000001",
            "name_prefix": "ecs-launchconfig",
            "placement_tenancy": null,
            "root_block_device": [],
            "security_groups": [
              "sg-06bc8da79f600c3ce"
            ],
            "spot_price": "",
            "user_data": "2283a54db9f636900b49c3e2a6cd048bca08dd5b",
            "user_data_base64": null,
            "vpc_classic_link_id": "",
            "vpc_classic_link_security_groups": null
          },
          "private": "bnVsbA==",
          "depends_on": [
            "aws_iam_instance_profile.ecs-ec2-role",
            "aws_key_pair.mykeypair",
            "aws_security_group.ecs-securitygroup"
          ]
        }
      ]
    },
    {
      "mode": "managed",
      "type": "aws_route_table",
      "name": "main-public",
      "provider": "provider.aws",
      "instances": [
        {
          "schema_version": 0,
          "attributes": {
            "id": "rtb-0b3aa96b0890288c0",
            "owner_id": "053766923354",
            "propagating_vgws": [],
            "route": [
              {
                "cidr_block": "0.0.0.0/0",
                "egress_only_gateway_id": "",
                "gateway_id": "igw-00c5e39eabf2e3dc2",
                "instance_id": "",
                "ipv6_cidr_block": "",
                "nat_gateway_id": "",
                "network_interface_id": "",
                "transit_gateway_id": "",
                "vpc_peering_connection_id": ""
              }
            ],
            "tags": {
              "Name": "main-public-1"
            },
            "vpc_id": "vpc-0a711ee7ee911bd57"
          },
          "private": "bnVsbA==",
          "depends_on": [
            "aws_internet_gateway.main-gw",
            "aws_vpc.main"
          ]
        }
      ]
    },
    {
      "mode": "managed",
      "type": "aws_route_table_association",
      "name": "main-public-1-a",
      "provider": "provider.aws",
      "instances": [
        {
          "schema_version": 0,
          "attributes": {
            "id": "rtbassoc-075c593f0bf9f3906",
            "route_table_id": "rtb-0b3aa96b0890288c0",
            "subnet_id": "subnet-09900a082a4512c6a"
          },
          "private": "bnVsbA==",
          "depends_on": [
            "aws_route_table.main-public",
            "aws_subnet.main-public-1"
          ]
        }
      ]
    },
    {
      "mode": "managed",
      "type": "aws_route_table_association",
      "name": "main-public-2-a",
      "provider": "provider.aws",
      "instances": [
        {
          "schema_version": 0,
          "attributes": {
            "id": "rtbassoc-0b812fba7accf3735",
            "route_table_id": "rtb-0b3aa96b0890288c0",
            "subnet_id": "subnet-003f8e692cf76c64d"
          },
          "private": "bnVsbA==",
          "depends_on": [
            "aws_route_table.main-public",
            "aws_subnet.main-public-2"
          ]
        }
      ]
    },
    {
      "mode": "managed",
      "type": "aws_route_table_association",
      "name": "main-public-3-a",
      "provider": "provider.aws",
      "instances": [
        {
          "schema_version": 0,
          "attributes": {
            "id": "rtbassoc-03f928176490b80f8",
            "route_table_id": "rtb-0b3aa96b0890288c0",
            "subnet_id": "subnet-017d65f9eea064db4"
          },
          "private": "bnVsbA==",
          "depends_on": [
            "aws_route_table.main-public",
            "aws_subnet.main-public-3"
          ]
        }
      ]
    },
    {
      "mode": "managed",
      "type": "aws_security_group",
      "name": "ecs-securitygroup",
      "provider": "provider.aws",
      "instances": [
        {
          "schema_version": 1,
          "attributes": {
            "arn": "arn:aws:ec2:us-east-1:053766923354:security-group/sg-06bc8da79f600c3ce",
            "description": "security group for ecs",
            "egress": [
              {
                "cidr_blocks": [
                  "0.0.0.0/0"
                ],
                "description": "",
                "from_port": 0,
                "ipv6_cidr_blocks": [],
                "prefix_list_ids": [],
                "protocol": "-1",
                "security_groups": [],
                "self": false,
                "to_port": 0
              }
            ],
            "id": "sg-06bc8da79f600c3ce",
            "ingress": [
              {
                "cidr_blocks": [
                  "0.0.0.0/0"
                ],
                "description": "",
                "from_port": 22,
                "ipv6_cidr_blocks": [],
                "prefix_list_ids": [],
                "protocol": "tcp",
                "security_groups": [],
                "self": false,
                "to_port": 22
              },
              {
                "cidr_blocks": [],
                "description": "",
                "from_port": 3000,
                "ipv6_cidr_blocks": [],
                "prefix_list_ids": [],
                "protocol": "tcp",
                "security_groups": [
                  "sg-01d059c0eeecf5866"
                ],
                "self": false,
                "to_port": 3000
              }
            ],
            "name": "ecs",
            "name_prefix": null,
            "owner_id": "053766923354",
            "revoke_rules_on_delete": false,
            "tags": {
              "Name": "ecs"
            },
            "timeouts": null,
            "vpc_id": "vpc-0a711ee7ee911bd57"
          },
          "private": "eyJlMmJmYjczMC1lY2FhLTExZTYtOGY4OC0zNDM2M2JjN2M0YzAiOnsiY3JlYXRlIjo2MDAwMDAwMDAwMDAsImRlbGV0ZSI6NjAwMDAwMDAwMDAwfSwic2NoZW1hX3ZlcnNpb24iOiIxIn0=",
          "depends_on": [
            "aws_security_group.myapp-elb-securitygroup",
            "aws_vpc.main"
          ]
        }
      ]
    },
    {
      "mode": "managed",
      "type": "aws_security_group",
      "name": "myapp-elb-securitygroup",
      "provider": "provider.aws",
      "instances": [
        {
          "schema_version": 1,
          "attributes": {
            "arn": "arn:aws:ec2:us-east-1:053766923354:security-group/sg-01d059c0eeecf5866",
            "description": "security group for ecs",
            "egress": [
              {
                "cidr_blocks": [
                  "0.0.0.0/0"
                ],
                "description": "",
                "from_port": 0,
                "ipv6_cidr_blocks": [],
                "prefix_list_ids": [],
                "protocol": "-1",
                "security_groups": [],
                "self": false,
                "to_port": 0
              }
            ],
            "id": "sg-01d059c0eeecf5866",
            "ingress": [
              {
                "cidr_blocks": [
                  "0.0.0.0/0"
                ],
                "description": "",
                "from_port": 80,
                "ipv6_cidr_blocks": [],
                "prefix_list_ids": [],
                "protocol": "tcp",
                "security_groups": [],
                "self": false,
                "to_port": 80
              }
            ],
            "name": "myapp-elb",
            "name_prefix": null,
            "owner_id": "053766923354",
            "revoke_rules_on_delete": false,
            "tags": {
              "Name": "myapp-elb"
            },
            "timeouts": null,
            "vpc_id": "vpc-0a711ee7ee911bd57"
          },
          "private": "eyJlMmJmYjczMC1lY2FhLTExZTYtOGY4OC0zNDM2M2JjN2M0YzAiOnsiY3JlYXRlIjo2MDAwMDAwMDAwMDAsImRlbGV0ZSI6NjAwMDAwMDAwMDAwfSwic2NoZW1hX3ZlcnNpb24iOiIxIn0=",
          "depends_on": [
            "aws_vpc.main"
          ]
        }
      ]
    },
    {
      "mode": "managed",
      "type": "aws_subnet",
      "name": "main-private-1",
      "provider": "provider.aws",
      "instances": [
        {
          "schema_version": 1,
          "attributes": {
            "arn": "arn:aws:ec2:us-east-1:053766923354:subnet/subnet-0eddeedde135082d1",
            "assign_ipv6_address_on_creation": false,
            "availability_zone": "us-east-1a",
            "availability_zone_id": "use1-az6",
            "cidr_block": "10.0.4.0/24",
            "id": "subnet-0eddeedde135082d1",
            "ipv6_cidr_block": "",
            "ipv6_cidr_block_association_id": "",
            "map_public_ip_on_launch": false,
            "owner_id": "053766923354",
            "tags": {
              "Name": "main-private-1"
            },
            "timeouts": null,
            "vpc_id": "vpc-0a711ee7ee911bd57"
          },
          "private": "eyJlMmJmYjczMC1lY2FhLTExZTYtOGY4OC0zNDM2M2JjN2M0YzAiOnsiY3JlYXRlIjo2MDAwMDAwMDAwMDAsImRlbGV0ZSI6MTIwMDAwMDAwMDAwMH0sInNjaGVtYV92ZXJzaW9uIjoiMSJ9",
          "depends_on": [
            "aws_vpc.main"
          ]
        }
      ]
    },
    {
      "mode": "managed",
      "type": "aws_subnet",
      "name": "main-private-2",
      "provider": "provider.aws",
      "instances": [
        {
          "schema_version": 1,
          "attributes": {
            "arn": "arn:aws:ec2:us-east-1:053766923354:subnet/subnet-0b774ebba5bee48eb",
            "assign_ipv6_address_on_creation": false,
            "availability_zone": "us-east-1b",
            "availability_zone_id": "use1-az1",
            "cidr_block": "10.0.5.0/24",
            "id": "subnet-0b774ebba5bee48eb",
            "ipv6_cidr_block": "",
            "ipv6_cidr_block_association_id": "",
            "map_public_ip_on_launch": false,
            "owner_id": "053766923354",
            "tags": {
              "Name": "main-private-2"
            },
            "timeouts": null,
            "vpc_id": "vpc-0a711ee7ee911bd57"
          },
          "private": "eyJlMmJmYjczMC1lY2FhLTExZTYtOGY4OC0zNDM2M2JjN2M0YzAiOnsiY3JlYXRlIjo2MDAwMDAwMDAwMDAsImRlbGV0ZSI6MTIwMDAwMDAwMDAwMH0sInNjaGVtYV92ZXJzaW9uIjoiMSJ9",
          "depends_on": [
            "aws_vpc.main"
          ]
        }
      ]
    },
    {
      "mode": "managed",
      "type": "aws_subnet",
      "name": "main-private-3",
      "provider": "provider.aws",
      "instances": [
        {
          "schema_version": 1,
          "attributes": {
            "arn": "arn:aws:ec2:us-east-1:053766923354:subnet/subnet-009db72bbe933ff0d",
            "assign_ipv6_address_on_creation": false,
            "availability_zone": "us-east-1c",
            "availability_zone_id": "use1-az2",
            "cidr_block": "10.0.6.0/24",
            "id": "subnet-009db72bbe933ff0d",
            "ipv6_cidr_block": "",
            "ipv6_cidr_block_association_id": "",
            "map_public_ip_on_launch": false,
            "owner_id": "053766923354",
            "tags": {
              "Name": "main-private-3"
            },
            "timeouts": null,
            "vpc_id": "vpc-0a711ee7ee911bd57"
          },
          "private": "eyJlMmJmYjczMC1lY2FhLTExZTYtOGY4OC0zNDM2M2JjN2M0YzAiOnsiY3JlYXRlIjo2MDAwMDAwMDAwMDAsImRlbGV0ZSI6MTIwMDAwMDAwMDAwMH0sInNjaGVtYV92ZXJzaW9uIjoiMSJ9",
          "depends_on": [
            "aws_vpc.main"
          ]
        }
      ]
    },
    {
      "mode": "managed",
      "type": "aws_subnet",
      "name": "main-public-1",
      "provider": "provider.aws",
      "instances": [
        {
          "schema_version": 1,
          "attributes": {
            "arn": "arn:aws:ec2:us-east-1:053766923354:subnet/subnet-09900a082a4512c6a",
            "assign_ipv6_address_on_creation": false,
            "availability_zone": "us-east-1a",
            "availability_zone_id": "use1-az6",
            "cidr_block": "10.0.1.0/24",
            "id": "subnet-09900a082a4512c6a",
            "ipv6_cidr_block": "",
            "ipv6_cidr_block_association_id": "",
            "map_public_ip_on_launch": true,
            "owner_id": "053766923354",
            "tags": {
              "Name": "main-public-1"
            },
            "timeouts": null,
            "vpc_id": "vpc-0a711ee7ee911bd57"
          },
          "private": "eyJlMmJmYjczMC1lY2FhLTExZTYtOGY4OC0zNDM2M2JjN2M0YzAiOnsiY3JlYXRlIjo2MDAwMDAwMDAwMDAsImRlbGV0ZSI6MTIwMDAwMDAwMDAwMH0sInNjaGVtYV92ZXJzaW9uIjoiMSJ9",
          "depends_on": [
            "aws_vpc.main"
          ]
        }
      ]
    },
    {
      "mode": "managed",
      "type": "aws_subnet",
      "name": "main-public-2",
      "provider": "provider.aws",
      "instances": [
        {
          "schema_version": 1,
          "attributes": {
            "arn": "arn:aws:ec2:us-east-1:053766923354:subnet/subnet-003f8e692cf76c64d",
            "assign_ipv6_address_on_creation": false,
            "availability_zone": "us-east-1b",
            "availability_zone_id": "use1-az1",
            "cidr_block": "10.0.2.0/24",
            "id": "subnet-003f8e692cf76c64d",
            "ipv6_cidr_block": "",
            "ipv6_cidr_block_association_id": "",
            "map_public_ip_on_launch": true,
            "owner_id": "053766923354",
            "tags": {
              "Name": "main-public-2"
            },
            "timeouts": null,
            "vpc_id": "vpc-0a711ee7ee911bd57"
          },
          "private": "eyJlMmJmYjczMC1lY2FhLTExZTYtOGY4OC0zNDM2M2JjN2M0YzAiOnsiY3JlYXRlIjo2MDAwMDAwMDAwMDAsImRlbGV0ZSI6MTIwMDAwMDAwMDAwMH0sInNjaGVtYV92ZXJzaW9uIjoiMSJ9",
          "depends_on": [
            "aws_vpc.main"
          ]
        }
      ]
    },
    {
      "mode": "managed",
      "type": "aws_subnet",
      "name": "main-public-3",
      "provider": "provider.aws",
      "instances": [
        {
          "schema_version": 1,
          "attributes": {
            "arn": "arn:aws:ec2:us-east-1:053766923354:subnet/subnet-017d65f9eea064db4",
            "assign_ipv6_address_on_creation": false,
            "availability_zone": "us-east-1c",
            "availability_zone_id": "use1-az2",
            "cidr_block": "10.0.3.0/24",
            "id": "subnet-017d65f9eea064db4",
            "ipv6_cidr_block": "",
            "ipv6_cidr_block_association_id": "",
            "map_public_ip_on_launch": true,
            "owner_id": "053766923354",
            "tags": {
              "Name": "main-public-3"
            },
            "timeouts": null,
            "vpc_id": "vpc-0a711ee7ee911bd57"
          },
          "private": "eyJlMmJmYjczMC1lY2FhLTExZTYtOGY4OC0zNDM2M2JjN2M0YzAiOnsiY3JlYXRlIjo2MDAwMDAwMDAwMDAsImRlbGV0ZSI6MTIwMDAwMDAwMDAwMH0sInNjaGVtYV92ZXJzaW9uIjoiMSJ9",
          "depends_on": [
            "aws_vpc.main"
          ]
        }
      ]
    },
    {
      "mode": "managed",
      "type": "aws_vpc",
      "name": "main",
      "provider": "provider.aws",
      "instances": [
        {
          "schema_version": 1,
          "attributes": {
            "arn": "arn:aws:ec2:us-east-1:053766923354:vpc/vpc-0a711ee7ee911bd57",
            "assign_generated_ipv6_cidr_block": false,
            "cidr_block": "10.0.0.0/16",
            "default_network_acl_id": "acl-07b0de6d1d169f02c",
            "default_route_table_id": "rtb-0e74514b452e7713e",
            "default_security_group_id": "sg-0fe1a5ab8cf6be726",
            "dhcp_options_id": "dopt-8b6718f0",
            "enable_classiclink": false,
            "enable_classiclink_dns_support": false,
            "enable_dns_hostnames": true,
            "enable_dns_support": true,
            "id": "vpc-0a711ee7ee911bd57",
            "instance_tenancy": "default",
            "ipv6_association_id": "",
            "ipv6_cidr_block": "",
            "main_route_table_id": "rtb-0e74514b452e7713e",
            "owner_id": "053766923354",
            "tags": {
              "Name": "main"
            }
          },
          "private": "eyJzY2hlbWFfdmVyc2lvbiI6IjEifQ=="
        }
      ]
    }
  ]
}
